<?xml version="1.0" encoding="utf-8"?>
<Project ToolsVersion="4.0" xmlns="http://schemas.microsoft.com/developer/msbuild/2003">
  <ItemGroup>
    <None Include="exports.def" />
    <None Include="LockonSSE.ini" />
    <None Include="README.md" />
    <None Include="lib\EventFunctors.inl">
      <Filter>lib</Filter>
    </None>
    <None Include="lib\EventFunctors_Base.inl">
      <Filter>lib</Filter>
    </None>
  </ItemGroup>
  <ItemGroup>
    <Filter Include="TES">
      <UniqueIdentifier>{12fbee39-b3b8-40da-adcb-570952d5e303}</UniqueIdentifier>
    </Filter>
    <Filter Include="lib">
      <UniqueIdentifier>{b4e347fd-ddef-48be-8efd-b1b05d97791b}</UniqueIdentifier>
    </Filter>
  </ItemGroup>
  <ItemGroup>
    <ClInclude Include="TES\CameraState.h">
      <Filter>TES</Filter>
    </ClInclude>
    <ClInclude Include="Address.h" />
    <ClInclude Include="Config.h" />
    <ClInclude Include="Hooks.h" />
    <ClInclude Include="Scaleform.h" />
    <ClInclude Include="Utils.h" />
    <ClInclude Include="Events.h" />
    <ClInclude Include="TES\InputEvents.h">
      <Filter>TES</Filter>
    </ClInclude>
    <ClInclude Include="lib\EventFunctors.h">
      <Filter>lib</Filter>
    </ClInclude>
    <ClInclude Include="lib\EventHelpers.h">
      <Filter>lib</Filter>
    </ClInclude>
  </ItemGroup>
  <ItemGroup>
    <ClCompile Include="Scaleform.cpp" />
    <ClCompile Include="Utils.cpp" />
    <ClCompile Include="Events.cpp" />
  </ItemGroup>
</Project>